
Microsoft Visual Studio Solution File, Format Version 12.00
# Visual Studio Version 17
VisualStudioVersion = 17.5.002.0
MinimumVisualStudioVersion = 10.0.40219.1
Project("{9A19103F-16F7-4668-BE54-9A1E7A4F7556}") = "Domain", "Domain\Domain.csproj", "{437BF417-544A-4C64-A53F-AE42C01676D5}"
EndProject
Project("{9A19103F-16F7-4668-BE54-9A1E7A4F7556}") = "Tests", "Tests\Tests.csproj", "{23897056-61D9-47B5-B0FE-55F1211B3531}"
EndProject
Global
	GlobalSection(SolutionConfigurationPlatforms) = preSolution
		Debug|Any CPU = Debug|Any CPU
		Release|Any CPU = Release|Any CPU
	EndGlobalSection
	GlobalSection(ProjectConfigurationPlatforms) = postSolution
		{437BF417-544A-4C64-A53F-AE42C01676D5}.Debug|Any CPU.ActiveCfg = Debug|Any CPU
		{437BF417-544A-4C64-A53F-AE42C01676D5}.Debug|Any CPU.Build.0 = Debug|Any CPU
		{437BF417-544A-4C64-A53F-AE42C01676D5}.Release|Any CPU.ActiveCfg = Release|Any CPU
		{437BF417-544A-4C64-A53F-AE42C01676D5}.Release|Any CPU.Build.0 = Release|Any CPU
		{23897056-61D9-47B5-B0FE-55F1211B3531}.Debug|Any CPU.ActiveCfg = Debug|Any CPU
		{23897056-61D9-47B5-B0FE-55F1211B3531}.Debug|Any CPU.Build.0 = Debug|Any CPU
		{23897056-61D9-47B5-B0FE-55F1211B3531}.Release|Any CPU.ActiveCfg = Release|Any CPU
		{23897056-61D9-47B5-B0FE-55F1211B3531}.Release|Any CPU.Build.0 = Release|Any CPU
	EndGlobalSection
	GlobalSection(SolutionProperties) = preSolution
		HideSolutionNode = FALSE
	EndGlobalSection
	GlobalSection(ExtensibilityGlobals) = postSolution
		SolutionGuid = {B2ECFA2E-AB3E-4EDA-975F-9E8826FA2951}
	EndGlobalSection
EndGlobal
